
Microsoft Visual Studio Solution File, Format Version 12.00
# Visual Studio 15
Project("{FAE04EC0-301F-11D3-BF4B-00C04F79EFBC}") = "xf.examen.themoviedb.Android", "xf.examen.themoviedb.Android\xf.examen.themoviedb.Android.csproj", "{1F3074DF-19FE-43E4-90C9-728B19E507FA}"
EndProject
Project("{FAE04EC0-301F-11D3-BF4B-00C04F79EFBC}") = "xf.examen.themoviedb.iOS", "xf.examen.themoviedb.iOS\xf.examen.themoviedb.iOS.csproj", "{05E86325-0657-4534-AB16-A5F90046F4B8}"
EndProject
Project("{FAE04EC0-301F-11D3-BF4B-00C04F79EFBC}") = "xf.examen.themoviedb.UITests", "xf.examen.themoviedb.UITests\xf.examen.themoviedb.UITests.csproj", "{98801318-4766-4B23-8A3E-6E976EDBFF5F}"
EndProject
Project("{FAE04EC0-301F-11D3-BF4B-00C04F79EFBC}") = "xf.examen.themoviedb", "xf.examen.themoviedb\xf.examen.themoviedb.csproj", "{D883957E-AF5F-4BE1-88A7-8D28C679E57E}"
EndProject
Global
	GlobalSection(SolutionConfigurationPlatforms) = preSolution
		Debug|Any CPU = Debug|Any CPU
		Release|Any CPU = Release|Any CPU
		Debug|iPhoneSimulator = Debug|iPhoneSimulator
		Release|iPhoneSimulator = Release|iPhoneSimulator
		Debug|iPhone = Debug|iPhone
		Release|iPhone = Release|iPhone
	EndGlobalSection
	GlobalSection(ProjectConfigurationPlatforms) = postSolution
		{1F3074DF-19FE-43E4-90C9-728B19E507FA}.Debug|Any CPU.ActiveCfg = Debug|Any CPU
		{1F3074DF-19FE-43E4-90C9-728B19E507FA}.Debug|Any CPU.Build.0 = Debug|Any CPU
		{1F3074DF-19FE-43E4-90C9-728B19E507FA}.Release|Any CPU.ActiveCfg = Release|Any CPU
		{1F3074DF-19FE-43E4-90C9-728B19E507FA}.Release|Any CPU.Build.0 = Release|Any CPU
		{1F3074DF-19FE-43E4-90C9-728B19E507FA}.Debug|iPhoneSimulator.ActiveCfg = Debug|Any CPU
		{1F3074DF-19FE-43E4-90C9-728B19E507FA}.Debug|iPhoneSimulator.Build.0 = Debug|Any CPU
		{1F3074DF-19FE-43E4-90C9-728B19E507FA}.Release|iPhoneSimulator.ActiveCfg = Release|Any CPU
		{1F3074DF-19FE-43E4-90C9-728B19E507FA}.Release|iPhoneSimulator.Build.0 = Release|Any CPU
		{1F3074DF-19FE-43E4-90C9-728B19E507FA}.Debug|iPhone.ActiveCfg = Debug|Any CPU
		{1F3074DF-19FE-43E4-90C9-728B19E507FA}.Debug|iPhone.Build.0 = Debug|Any CPU
		{1F3074DF-19FE-43E4-90C9-728B19E507FA}.Release|iPhone.ActiveCfg = Release|Any CPU
		{1F3074DF-19FE-43E4-90C9-728B19E507FA}.Release|iPhone.Build.0 = Release|Any CPU
		{05E86325-0657-4534-AB16-A5F90046F4B8}.Debug|Any CPU.ActiveCfg = Debug|iPhoneSimulator
		{05E86325-0657-4534-AB16-A5F90046F4B8}.Debug|Any CPU.Build.0 = Debug|iPhoneSimulator
		{05E86325-0657-4534-AB16-A5F90046F4B8}.Release|Any CPU.ActiveCfg = Release|iPhoneSimulator
		{05E86325-0657-4534-AB16-A5F90046F4B8}.Release|Any CPU.Build.0 = Release|iPhoneSimulator
		{05E86325-0657-4534-AB16-A5F90046F4B8}.Debug|iPhoneSimulator.ActiveCfg = Debug|iPhoneSimulator
		{05E86325-0657-4534-AB16-A5F90046F4B8}.Debug|iPhoneSimulator.Build.0 = Debug|iPhoneSimulator
		{05E86325-0657-4534-AB16-A5F90046F4B8}.Release|iPhoneSimulator.ActiveCfg = Release|iPhoneSimulator
		{05E86325-0657-4534-AB16-A5F90046F4B8}.Release|iPhoneSimulator.Build.0 = Release|iPhoneSimulator
		{05E86325-0657-4534-AB16-A5F90046F4B8}.Debug|iPhone.ActiveCfg = Debug|iPhone
		{05E86325-0657-4534-AB16-A5F90046F4B8}.Debug|iPhone.Build.0 = Debug|iPhone
		{05E86325-0657-4534-AB16-A5F90046F4B8}.Release|iPhone.ActiveCfg = Release|iPhone
		{05E86325-0657-4534-AB16-A5F90046F4B8}.Release|iPhone.Build.0 = Release|iPhone
		{98801318-4766-4B23-8A3E-6E976EDBFF5F}.Debug|Any CPU.ActiveCfg = Debug|Any CPU
		{98801318-4766-4B23-8A3E-6E976EDBFF5F}.Debug|Any CPU.Build.0 = Debug|Any CPU
		{98801318-4766-4B23-8A3E-6E976EDBFF5F}.Release|Any CPU.ActiveCfg = Release|Any CPU
		{98801318-4766-4B23-8A3E-6E976EDBFF5F}.Release|Any CPU.Build.0 = Release|Any CPU
		{98801318-4766-4B23-8A3E-6E976EDBFF5F}.Debug|iPhoneSimulator.ActiveCfg = Debug|Any CPU
		{98801318-4766-4B23-8A3E-6E976EDBFF5F}.Debug|iPhoneSimulator.Build.0 = Debug|Any CPU
		{98801318-4766-4B23-8A3E-6E976EDBFF5F}.Release|iPhoneSimulator.ActiveCfg = Release|Any CPU
		{98801318-4766-4B23-8A3E-6E976EDBFF5F}.Release|iPhoneSimulator.Build.0 = Release|Any CPU
		{98801318-4766-4B23-8A3E-6E976EDBFF5F}.Debug|iPhone.ActiveCfg = Debug|Any CPU
		{98801318-4766-4B23-8A3E-6E976EDBFF5F}.Debug|iPhone.Build.0 = Debug|Any CPU
		{98801318-4766-4B23-8A3E-6E976EDBFF5F}.Release|iPhone.ActiveCfg = Release|Any CPU
		{98801318-4766-4B23-8A3E-6E976EDBFF5F}.Release|iPhone.Build.0 = Release|Any CPU
		{D883957E-AF5F-4BE1-88A7-8D28C679E57E}.Debug|Any CPU.ActiveCfg = Debug|Any CPU
		{D883957E-AF5F-4BE1-88A7-8D28C679E57E}.Debug|Any CPU.Build.0 = Debug|Any CPU
		{D883957E-AF5F-4BE1-88A7-8D28C679E57E}.Release|Any CPU.ActiveCfg = Release|Any CPU
		{D883957E-AF5F-4BE1-88A7-8D28C679E57E}.Release|Any CPU.Build.0 = Release|Any CPU
		{D883957E-AF5F-4BE1-88A7-8D28C679E57E}.Debug|iPhoneSimulator.ActiveCfg = Debug|Any CPU
		{D883957E-AF5F-4BE1-88A7-8D28C679E57E}.Debug|iPhoneSimulator.Build.0 = Debug|Any CPU
		{D883957E-AF5F-4BE1-88A7-8D28C679E57E}.Release|iPhoneSimulator.ActiveCfg = Release|Any CPU
		{D883957E-AF5F-4BE1-88A7-8D28C679E57E}.Release|iPhoneSimulator.Build.0 = Release|Any CPU
		{D883957E-AF5F-4BE1-88A7-8D28C679E57E}.Debug|iPhone.ActiveCfg = Debug|Any CPU
		{D883957E-AF5F-4BE1-88A7-8D28C679E57E}.Debug|iPhone.Build.0 = Debug|Any CPU
		{D883957E-AF5F-4BE1-88A7-8D28C679E57E}.Release|iPhone.ActiveCfg = Release|Any CPU
		{D883957E-AF5F-4BE1-88A7-8D28C679E57E}.Release|iPhone.Build.0 = Release|Any CPU
	EndGlobalSection
EndGlobal
